
Microsoft Visual Studio Solution File, Format Version 12.00
# Visual Studio Version 17
VisualStudioVersion = 17.3.32929.385
MinimumVisualStudioVersion = 10.0.40219.1
Project("{FAE04EC0-301F-11D3-BF4B-00C04F79EFBC}") = "FolkaShopAPI", "FolkaShopAPI\FolkaShopAPI.csproj", "{9819BA6F-F071-41AF-AE7F-2A0E8A2F1229}"
EndProject
Global
	GlobalSection(SolutionConfigurationPlatforms) = preSolution
		Debug|Any CPU = Debug|Any CPU
		Release|Any CPU = Release|Any CPU
	EndGlobalSection
	GlobalSection(ProjectConfigurationPlatforms) = postSolution
		{9819BA6F-F071-41AF-AE7F-2A0E8A2F1229}.Debug|Any CPU.ActiveCfg = Debug|Any CPU
		{9819BA6F-F071-41AF-AE7F-2A0E8A2F1229}.Debug|Any CPU.Build.0 = Debug|Any CPU
		{9819BA6F-F071-41AF-AE7F-2A0E8A2F1229}.Release|Any CPU.ActiveCfg = Release|Any CPU
		{9819BA6F-F071-41AF-AE7F-2A0E8A2F1229}.Release|Any CPU.Build.0 = Release|Any CPU
	EndGlobalSection
	GlobalSection(SolutionProperties) = preSolution
		HideSolutionNode = FALSE
	EndGlobalSection
	GlobalSection(ExtensibilityGlobals) = postSolution
		SolutionGuid = {1ACCFA3A-F580-4612-BFD6-C63AE56D0114}
	EndGlobalSection
EndGlobal
